
Microsoft Visual Studio Solution File, Format Version 11.00
# Visual Studio 2010
Project("{FAE04EC0-301F-11D3-BF4B-00C04F79EFBC}") = "CmdXenFX", "..\..\src\Xen.Graphics.ShaderSystem\CmdXenFX\CmdXenFX.csproj", "{78707D2C-9D61-4B4F-8D89-5F405B608564}"
EndProject
Project("{FAE04EC0-301F-11D3-BF4B-00C04F79EFBC}") = "Xen.Graphics.ShaderSystem", "..\..\src\Xen.Graphics.ShaderSystem\Xen.Graphics.ShaderSystem\Xen.Graphics.ShaderSystem.csproj", "{A5612A1E-91AD-4481-B41F-8B164C7D6054}"
EndProject
Project("{FAE04EC0-301F-11D3-BF4B-00C04F79EFBC}") = "Xen.Graphics.ShaderSystem.x360", "..\..\src\Xen.Graphics.ShaderSystem\Xen.Graphics.ShaderSystem\Xen.Graphics.ShaderSystem.x360.csproj", "{5027AB24-C8B9-4149-A875-4D9259D3EAFA}"
EndProject
Project("{FAE04EC0-301F-11D3-BF4B-00C04F79EFBC}") = "Xen.Graphics.ShaderSystem.CustomTool", "..\..\src\Xen.Graphics.ShaderSystem\Xen.Graphics.ShaderSystem.CustomTool\Xen.Graphics.ShaderSystem.CustomTool.csproj", "{A3ABE830-A8B0-4630-BA84-011CC7F60550}"
EndProject
Project("{FAE04EC0-301F-11D3-BF4B-00C04F79EFBC}") = "XenFxRegistrySetup", "..\..\src\Xen.Graphics.ShaderSystem\XenFxRegistrySetup\XenFxRegistrySetup.csproj", "{10FC4412-4E2E-4E45-91E4-C8A82D111D37}"
EndProject
Project("{FAE04EC0-301F-11D3-BF4B-00C04F79EFBC}") = "XenFxRegistryTest", "..\..\src\Xen.Graphics.ShaderSystem\XenFxRegistryTest\XenFxRegistryTest.csproj", "{22672A7B-EEA6-43E8-91B6-59F2FA192FAC}"
EndProject
Project("{FAE04EC0-301F-11D3-BF4B-00C04F79EFBC}") = "XenShaderUpdate", "..\..\src\Xen.Graphics.ShaderSystem\XenShaderUpdate\XenShaderUpdate.csproj", "{04B0E0FE-D06F-4205-AD77-C7C0DC3A0CC4}"
EndProject
Global
	GlobalSection(SolutionConfigurationPlatforms) = preSolution
		Debug|Any CPU = Debug|Any CPU
		Debug|Mixed Platforms = Debug|Mixed Platforms
		Debug|x86 = Debug|x86
		Debug|Xbox 360 = Debug|Xbox 360
		Release|Any CPU = Release|Any CPU
		Release|Mixed Platforms = Release|Mixed Platforms
		Release|x86 = Release|x86
		Release|Xbox 360 = Release|Xbox 360
	EndGlobalSection
	GlobalSection(ProjectConfigurationPlatforms) = postSolution
		{78707D2C-9D61-4B4F-8D89-5F405B608564}.Debug|Any CPU.ActiveCfg = Debug|Any CPU
		{78707D2C-9D61-4B4F-8D89-5F405B608564}.Debug|Any CPU.Build.0 = Debug|Any CPU
		{78707D2C-9D61-4B4F-8D89-5F405B608564}.Debug|Mixed Platforms.ActiveCfg = Debug|Any CPU
		{78707D2C-9D61-4B4F-8D89-5F405B608564}.Debug|Mixed Platforms.Build.0 = Debug|Any CPU
		{78707D2C-9D61-4B4F-8D89-5F405B608564}.Debug|x86.ActiveCfg = Debug|Any CPU
		{78707D2C-9D61-4B4F-8D89-5F405B608564}.Debug|Xbox 360.ActiveCfg = Debug|Any CPU
		{78707D2C-9D61-4B4F-8D89-5F405B608564}.Release|Any CPU.ActiveCfg = Release|Any CPU
		{78707D2C-9D61-4B4F-8D89-5F405B608564}.Release|Any CPU.Build.0 = Release|Any CPU
		{78707D2C-9D61-4B4F-8D89-5F405B608564}.Release|Mixed Platforms.ActiveCfg = Release|Any CPU
		{78707D2C-9D61-4B4F-8D89-5F405B608564}.Release|Mixed Platforms.Build.0 = Release|Any CPU
		{78707D2C-9D61-4B4F-8D89-5F405B608564}.Release|x86.ActiveCfg = Release|Any CPU
		{78707D2C-9D61-4B4F-8D89-5F405B608564}.Release|Xbox 360.ActiveCfg = Release|Any CPU
		{A5612A1E-91AD-4481-B41F-8B164C7D6054}.Debug|Any CPU.ActiveCfg = Debug|x86
		{A5612A1E-91AD-4481-B41F-8B164C7D6054}.Debug|Mixed Platforms.ActiveCfg = Debug|x86
		{A5612A1E-91AD-4481-B41F-8B164C7D6054}.Debug|Mixed Platforms.Build.0 = Debug|x86
		{A5612A1E-91AD-4481-B41F-8B164C7D6054}.Debug|x86.ActiveCfg = Debug|x86
		{A5612A1E-91AD-4481-B41F-8B164C7D6054}.Debug|x86.Build.0 = Debug|x86
		{A5612A1E-91AD-4481-B41F-8B164C7D6054}.Debug|Xbox 360.ActiveCfg = Debug|x86
		{A5612A1E-91AD-4481-B41F-8B164C7D6054}.Release|Any CPU.ActiveCfg = Release|x86
		{A5612A1E-91AD-4481-B41F-8B164C7D6054}.Release|Mixed Platforms.ActiveCfg = Release|x86
		{A5612A1E-91AD-4481-B41F-8B164C7D6054}.Release|Mixed Platforms.Build.0 = Release|x86
		{A5612A1E-91AD-4481-B41F-8B164C7D6054}.Release|x86.ActiveCfg = Release|x86
		{A5612A1E-91AD-4481-B41F-8B164C7D6054}.Release|x86.Build.0 = Release|x86
		{A5612A1E-91AD-4481-B41F-8B164C7D6054}.Release|Xbox 360.ActiveCfg = Release|x86
		{5027AB24-C8B9-4149-A875-4D9259D3EAFA}.Debug|Any CPU.ActiveCfg = Debug|Xbox 360
		{5027AB24-C8B9-4149-A875-4D9259D3EAFA}.Debug|Mixed Platforms.ActiveCfg = Debug|Xbox 360
		{5027AB24-C8B9-4149-A875-4D9259D3EAFA}.Debug|Mixed Platforms.Build.0 = Debug|Xbox 360
		{5027AB24-C8B9-4149-A875-4D9259D3EAFA}.Debug|x86.ActiveCfg = Debug|Xbox 360
		{5027AB24-C8B9-4149-A875-4D9259D3EAFA}.Debug|Xbox 360.ActiveCfg = Debug|Xbox 360
		{5027AB24-C8B9-4149-A875-4D9259D3EAFA}.Debug|Xbox 360.Build.0 = Debug|Xbox 360
		{5027AB24-C8B9-4149-A875-4D9259D3EAFA}.Release|Any CPU.ActiveCfg = Release|Xbox 360
		{5027AB24-C8B9-4149-A875-4D9259D3EAFA}.Release|Mixed Platforms.ActiveCfg = Release|Xbox 360
		{5027AB24-C8B9-4149-A875-4D9259D3EAFA}.Release|Mixed Platforms.Build.0 = Release|Xbox 360
		{5027AB24-C8B9-4149-A875-4D9259D3EAFA}.Release|x86.ActiveCfg = Release|Xbox 360
		{5027AB24-C8B9-4149-A875-4D9259D3EAFA}.Release|Xbox 360.ActiveCfg = Release|Xbox 360
		{5027AB24-C8B9-4149-A875-4D9259D3EAFA}.Release|Xbox 360.Build.0 = Release|Xbox 360
		{A3ABE830-A8B0-4630-BA84-011CC7F60550}.Debug|Any CPU.ActiveCfg = Debug|Any CPU
		{A3ABE830-A8B0-4630-BA84-011CC7F60550}.Debug|Any CPU.Build.0 = Debug|Any CPU
		{A3ABE830-A8B0-4630-BA84-011CC7F60550}.Debug|Mixed Platforms.ActiveCfg = Debug|Any CPU
		{A3ABE830-A8B0-4630-BA84-011CC7F60550}.Debug|Mixed Platforms.Build.0 = Debug|Any CPU
		{A3ABE830-A8B0-4630-BA84-011CC7F60550}.Debug|x86.ActiveCfg = Debug|Any CPU
		{A3ABE830-A8B0-4630-BA84-011CC7F60550}.Debug|Xbox 360.ActiveCfg = Debug|Any CPU
		{A3ABE830-A8B0-4630-BA84-011CC7F60550}.Release|Any CPU.ActiveCfg = Release|Any CPU
		{A3ABE830-A8B0-4630-BA84-011CC7F60550}.Release|Any CPU.Build.0 = Release|Any CPU
		{A3ABE830-A8B0-4630-BA84-011CC7F60550}.Release|Mixed Platforms.ActiveCfg = Release|Any CPU
		{A3ABE830-A8B0-4630-BA84-011CC7F60550}.Release|Mixed Platforms.Build.0 = Release|Any CPU
		{A3ABE830-A8B0-4630-BA84-011CC7F60550}.Release|x86.ActiveCfg = Release|Any CPU
		{A3ABE830-A8B0-4630-BA84-011CC7F60550}.Release|Xbox 360.ActiveCfg = Release|Any CPU
		{10FC4412-4E2E-4E45-91E4-C8A82D111D37}.Debug|Any CPU.ActiveCfg = Debug|Any CPU
		{10FC4412-4E2E-4E45-91E4-C8A82D111D37}.Debug|Any CPU.Build.0 = Debug|Any CPU
		{10FC4412-4E2E-4E45-91E4-C8A82D111D37}.Debug|Mixed Platforms.ActiveCfg = Debug|Any CPU
		{10FC4412-4E2E-4E45-91E4-C8A82D111D37}.Debug|Mixed Platforms.Build.0 = Debug|Any CPU
		{10FC4412-4E2E-4E45-91E4-C8A82D111D37}.Debug|x86.ActiveCfg = Debug|Any CPU
		{10FC4412-4E2E-4E45-91E4-C8A82D111D37}.Debug|Xbox 360.ActiveCfg = Debug|Any CPU
		{10FC4412-4E2E-4E45-91E4-C8A82D111D37}.Release|Any CPU.ActiveCfg = Release|Any CPU
		{10FC4412-4E2E-4E45-91E4-C8A82D111D37}.Release|Any CPU.Build.0 = Release|Any CPU
		{10FC4412-4E2E-4E45-91E4-C8A82D111D37}.Release|Mixed Platforms.ActiveCfg = Release|Any CPU
		{10FC4412-4E2E-4E45-91E4-C8A82D111D37}.Release|Mixed Platforms.Build.0 = Release|Any CPU
		{10FC4412-4E2E-4E45-91E4-C8A82D111D37}.Release|x86.ActiveCfg = Release|Any CPU
		{10FC4412-4E2E-4E45-91E4-C8A82D111D37}.Release|Xbox 360.ActiveCfg = Release|Any CPU
		{22672A7B-EEA6-43E8-91B6-59F2FA192FAC}.Debug|Any CPU.ActiveCfg = Debug|Any CPU
		{22672A7B-EEA6-43E8-91B6-59F2FA192FAC}.Debug|Any CPU.Build.0 = Debug|Any CPU
		{22672A7B-EEA6-43E8-91B6-59F2FA192FAC}.Debug|Mixed Platforms.ActiveCfg = Debug|Any CPU
		{22672A7B-EEA6-43E8-91B6-59F2FA192FAC}.Debug|Mixed Platforms.Build.0 = Debug|Any CPU
		{22672A7B-EEA6-43E8-91B6-59F2FA192FAC}.Debug|x86.ActiveCfg = Debug|Any CPU
		{22672A7B-EEA6-43E8-91B6-59F2FA192FAC}.Debug|Xbox 360.ActiveCfg = Debug|Any CPU
		{22672A7B-EEA6-43E8-91B6-59F2FA192FAC}.Release|Any CPU.ActiveCfg = Release|Any CPU
		{22672A7B-EEA6-43E8-91B6-59F2FA192FAC}.Release|Any CPU.Build.0 = Release|Any CPU
		{22672A7B-EEA6-43E8-91B6-59F2FA192FAC}.Release|Mixed Platforms.ActiveCfg = Release|Any CPU
		{22672A7B-EEA6-43E8-91B6-59F2FA192FAC}.Release|Mixed Platforms.Build.0 = Release|Any CPU
		{22672A7B-EEA6-43E8-91B6-59F2FA192FAC}.Release|x86.ActiveCfg = Release|Any CPU
		{22672A7B-EEA6-43E8-91B6-59F2FA192FAC}.Release|Xbox 360.ActiveCfg = Release|Any CPU
		{04B0E0FE-D06F-4205-AD77-C7C0DC3A0CC4}.Debug|Any CPU.ActiveCfg = Debug|Any CPU
		{04B0E0FE-D06F-4205-AD77-C7C0DC3A0CC4}.Debug|Any CPU.Build.0 = Debug|Any CPU
		{04B0E0FE-D06F-4205-AD77-C7C0DC3A0CC4}.Debug|Mixed Platforms.ActiveCfg = Debug|Any CPU
		{04B0E0FE-D06F-4205-AD77-C7C0DC3A0CC4}.Debug|Mixed Platforms.Build.0 = Debug|Any CPU
		{04B0E0FE-D06F-4205-AD77-C7C0DC3A0CC4}.Debug|x86.ActiveCfg = Debug|Any CPU
		{04B0E0FE-D06F-4205-AD77-C7C0DC3A0CC4}.Debug|Xbox 360.ActiveCfg = Debug|Any CPU
		{04B0E0FE-D06F-4205-AD77-C7C0DC3A0CC4}.Release|Any CPU.ActiveCfg = Release|Any CPU
		{04B0E0FE-D06F-4205-AD77-C7C0DC3A0CC4}.Release|Any CPU.Build.0 = Release|Any CPU
		{04B0E0FE-D06F-4205-AD77-C7C0DC3A0CC4}.Release|Mixed Platforms.ActiveCfg = Release|Any CPU
		{04B0E0FE-D06F-4205-AD77-C7C0DC3A0CC4}.Release|Mixed Platforms.Build.0 = Release|Any CPU
		{04B0E0FE-D06F-4205-AD77-C7C0DC3A0CC4}.Release|x86.ActiveCfg = Release|Any CPU
		{04B0E0FE-D06F-4205-AD77-C7C0DC3A0CC4}.Release|Xbox 360.ActiveCfg = Release|Any CPU
	EndGlobalSection
	GlobalSection(SolutionProperties) = preSolution
		HideSolutionNode = FALSE
	EndGlobalSection
EndGlobal
